{
  "pins" : [
    {
      "identity" : "atlantis",
      "kind" : "remoteSourceControl",
      "location" : "https://github.com/ProxymanApp/atlantis",
      "state" : {
        "revision" : "2b26bf7fe2c5751335dca015b9e77514210d28d4",
        "version" : "1.18.2"
      }
    }
  ],
  "version" : 2
}
